
Microsoft Visual Studio Solution File, Format Version 12.00
# Visual Studio Version 16
VisualStudioVersion = 16.0.31005.135
MinimumVisualStudioVersion = 10.0.40219.1
Project("{9A19103F-16F7-4668-BE54-9A1E7A4F7556}") = "DataAccess", "DataAccess\DataAccess.csproj", "{A536DF66-4043-4CE0-ADD0-F83A3AEDFA17}"
EndProject
Project("{9A19103F-16F7-4668-BE54-9A1E7A4F7556}") = "Business", "Business\Business.csproj", "{8520E7CB-2F41-4328-9622-939B3E6A1A1B}"
EndProject
Project("{9A19103F-16F7-4668-BE54-9A1E7A4F7556}") = "Entities", "Entities\Entities.csproj", "{8E62DCF5-D94D-47A4-A96D-4D1D454676AB}"
EndProject
Project("{9A19103F-16F7-4668-BE54-9A1E7A4F7556}") = "ConsoleUI", "ConsoleUI\ConsoleUI.csproj", "{3B93EA19-11E1-41D9-B139-D4A7CFDEABE1}"
EndProject
Project("{9A19103F-16F7-4668-BE54-9A1E7A4F7556}") = "Core", "Core\Core.csproj", "{5153E12D-D739-4C16-A762-31428D50432C}"
EndProject
Project("{FAE04EC0-301F-11D3-BF4B-00C04F79EFBC}") = "webAPI", "webAPI\webAPI.csproj", "{1F6D03D5-6DB6-4395-9B8B-0B13552E10B0}"
EndProject
Global
	GlobalSection(SolutionConfigurationPlatforms) = preSolution
		Debug|Any CPU = Debug|Any CPU
		Release|Any CPU = Release|Any CPU
	EndGlobalSection
	GlobalSection(ProjectConfigurationPlatforms) = postSolution
		{A536DF66-4043-4CE0-ADD0-F83A3AEDFA17}.Debug|Any CPU.ActiveCfg = Debug|Any CPU
		{A536DF66-4043-4CE0-ADD0-F83A3AEDFA17}.Debug|Any CPU.Build.0 = Debug|Any CPU
		{A536DF66-4043-4CE0-ADD0-F83A3AEDFA17}.Release|Any CPU.ActiveCfg = Release|Any CPU
		{A536DF66-4043-4CE0-ADD0-F83A3AEDFA17}.Release|Any CPU.Build.0 = Release|Any CPU
		{8520E7CB-2F41-4328-9622-939B3E6A1A1B}.Debug|Any CPU.ActiveCfg = Debug|Any CPU
		{8520E7CB-2F41-4328-9622-939B3E6A1A1B}.Debug|Any CPU.Build.0 = Debug|Any CPU
		{8520E7CB-2F41-4328-9622-939B3E6A1A1B}.Release|Any CPU.ActiveCfg = Release|Any CPU
		{8520E7CB-2F41-4328-9622-939B3E6A1A1B}.Release|Any CPU.Build.0 = Release|Any CPU
		{8E62DCF5-D94D-47A4-A96D-4D1D454676AB}.Debug|Any CPU.ActiveCfg = Debug|Any CPU
		{8E62DCF5-D94D-47A4-A96D-4D1D454676AB}.Debug|Any CPU.Build.0 = Debug|Any CPU
		{8E62DCF5-D94D-47A4-A96D-4D1D454676AB}.Release|Any CPU.ActiveCfg = Release|Any CPU
		{8E62DCF5-D94D-47A4-A96D-4D1D454676AB}.Release|Any CPU.Build.0 = Release|Any CPU
		{3B93EA19-11E1-41D9-B139-D4A7CFDEABE1}.Debug|Any CPU.ActiveCfg = Debug|Any CPU
		{3B93EA19-11E1-41D9-B139-D4A7CFDEABE1}.Debug|Any CPU.Build.0 = Debug|Any CPU
		{3B93EA19-11E1-41D9-B139-D4A7CFDEABE1}.Release|Any CPU.ActiveCfg = Release|Any CPU
		{3B93EA19-11E1-41D9-B139-D4A7CFDEABE1}.Release|Any CPU.Build.0 = Release|Any CPU
		{5153E12D-D739-4C16-A762-31428D50432C}.Debug|Any CPU.ActiveCfg = Debug|Any CPU
		{5153E12D-D739-4C16-A762-31428D50432C}.Debug|Any CPU.Build.0 = Debug|Any CPU
		{5153E12D-D739-4C16-A762-31428D50432C}.Release|Any CPU.ActiveCfg = Release|Any CPU
		{5153E12D-D739-4C16-A762-31428D50432C}.Release|Any CPU.Build.0 = Release|Any CPU
		{1F6D03D5-6DB6-4395-9B8B-0B13552E10B0}.Debug|Any CPU.ActiveCfg = Debug|Any CPU
		{1F6D03D5-6DB6-4395-9B8B-0B13552E10B0}.Debug|Any CPU.Build.0 = Debug|Any CPU
		{1F6D03D5-6DB6-4395-9B8B-0B13552E10B0}.Release|Any CPU.ActiveCfg = Release|Any CPU
		{1F6D03D5-6DB6-4395-9B8B-0B13552E10B0}.Release|Any CPU.Build.0 = Release|Any CPU
	EndGlobalSection
	GlobalSection(SolutionProperties) = preSolution
		HideSolutionNode = FALSE
	EndGlobalSection
	GlobalSection(ExtensibilityGlobals) = postSolution
		SolutionGuid = {EEA44876-8713-41A3-BAED-E39449758368}
	EndGlobalSection
EndGlobal
